
Microsoft Visual Studio Solution File, Format Version 12.00
# Visual Studio Version 16
VisualStudioVersion = 16.0.29306.81
MinimumVisualStudioVersion = 10.0.40219.1
Project("{FAE04EC0-301F-11D3-BF4B-00C04F79EFBC}") = "IBAN_Validierung", "IBAN_Validierung\IBAN_Validierung.csproj", "{F527EE9B-69C2-44C6-BFF6-E2A1E5BC72D9}"
EndProject
Global
	GlobalSection(SolutionConfigurationPlatforms) = preSolution
		Debug|Any CPU = Debug|Any CPU
		Release|Any CPU = Release|Any CPU
	EndGlobalSection
	GlobalSection(ProjectConfigurationPlatforms) = postSolution
		{F527EE9B-69C2-44C6-BFF6-E2A1E5BC72D9}.Debug|Any CPU.ActiveCfg = Debug|Any CPU
		{F527EE9B-69C2-44C6-BFF6-E2A1E5BC72D9}.Debug|Any CPU.Build.0 = Debug|Any CPU
		{F527EE9B-69C2-44C6-BFF6-E2A1E5BC72D9}.Release|Any CPU.ActiveCfg = Release|Any CPU
		{F527EE9B-69C2-44C6-BFF6-E2A1E5BC72D9}.Release|Any CPU.Build.0 = Release|Any CPU
	EndGlobalSection
	GlobalSection(SolutionProperties) = preSolution
		HideSolutionNode = FALSE
	EndGlobalSection
	GlobalSection(ExtensibilityGlobals) = postSolution
		SolutionGuid = {E1D782CB-998A-47B7-9D96-32F9876F6FBB}
	EndGlobalSection
EndGlobal
